Microsoft Visual Studio Solution File, Format Version 11.00
# Visual Studio 2010
Project("{8BC9CEB8-8B4A-11D0-8D11-00A0C91BC942}") = "DBSvr", "DBSvr\DBSvr.vcxproj", "{52A15353-6951-E67D-DD8D-899239D56B86}"
EndProject
Project("{8BC9CEB8-8B4A-11D0-8D11-00A0C91BC942}") = "GameGate", "GameGate\GameGate.vcxproj", "{347B0F1B-85BE-D11E-C677-895F410A3661}"
EndProject
Project("{8BC9CEB8-8B4A-11D0-8D11-00A0C91BC942}") = "GameSvr", "GameSvr\GameSvr.vcxproj", "{30FE893B-6669-1E7F-B10F-FABF3969D885}"
EndProject
Project("{8BC9CEB8-8B4A-11D0-8D11-00A0C91BC942}") = "LoginGate", "LoginGate\LoginGate.vcxproj", "{CC337673-75C8-6662-CCD6-D93B54A0FC45}"
EndProject
Project("{8BC9CEB8-8B4A-11D0-8D11-00A0C91BC942}") = "LoginSvr", "LoginSvr\LoginSvr.vcxproj", "{9AD87BA1-972E-5DC8-C733-2554A415B48F}"
EndProject
Project("{8BC9CEB8-8B4A-11D0-8D11-00A0C91BC942}") = "SelGate", "SelGate\SelGate.vcxproj", "{9F01C88A-9372-A251-BB46-192FCED29FE6}"
EndProject
Project("{8BC9CEB8-8B4A-11D0-8D11-00A0C91BC942}") = "Common", "Common\Common.vcxproj", "{5D1EB10F-3391-43E1-94AD-898703049E6E}"
EndProject
Global
	GlobalSection(SolutionConfigurationPlatforms) = preSolution
		Debug|Win32 = Debug|Win32
		Release|Win32 = Release|Win32
	EndGlobalSection
	GlobalSection(ProjectConfigurationPlatforms) = postSolution
		{52A15353-6951-E67D-DD8D-899239D56B86}.Debug|Win32.ActiveCfg = Debug|Win32
		{52A15353-6951-E67D-DD8D-899239D56B86}.Debug|Win32.Build.0 = Debug|Win32
		{52A15353-6951-E67D-DD8D-899239D56B86}.Release|Win32.ActiveCfg = Release|Win32
		{347B0F1B-85BE-D11E-C677-895F410A3661}.Debug|Win32.ActiveCfg = Debug|Win32
		{347B0F1B-85BE-D11E-C677-895F410A3661}.Debug|Win32.Build.0 = Debug|Win32
		{347B0F1B-85BE-D11E-C677-895F410A3661}.Release|Win32.ActiveCfg = Release|Win32
		{30FE893B-6669-1E7F-B10F-FABF3969D885}.Debug|Win32.ActiveCfg = Debug|Win32
		{30FE893B-6669-1E7F-B10F-FABF3969D885}.Debug|Win32.Build.0 = Debug|Win32
		{30FE893B-6669-1E7F-B10F-FABF3969D885}.Release|Win32.ActiveCfg = Release|Win32
		{CC337673-75C8-6662-CCD6-D93B54A0FC45}.Debug|Win32.ActiveCfg = Debug|Win32
		{CC337673-75C8-6662-CCD6-D93B54A0FC45}.Debug|Win32.Build.0 = Debug|Win32
		{CC337673-75C8-6662-CCD6-D93B54A0FC45}.Release|Win32.ActiveCfg = Release|Win32
		{9AD87BA1-972E-5DC8-C733-2554A415B48F}.Debug|Win32.ActiveCfg = Debug|Win32
		{9AD87BA1-972E-5DC8-C733-2554A415B48F}.Debug|Win32.Build.0 = Debug|Win32
		{9AD87BA1-972E-5DC8-C733-2554A415B48F}.Release|Win32.ActiveCfg = Release|Win32
		{9F01C88A-9372-A251-BB46-192FCED29FE6}.Debug|Win32.ActiveCfg = Debug|Win32
		{9F01C88A-9372-A251-BB46-192FCED29FE6}.Debug|Win32.Build.0 = Debug|Win32
		{9F01C88A-9372-A251-BB46-192FCED29FE6}.Release|Win32.ActiveCfg = Release|Win32
		{5D1EB10F-3391-43E1-94AD-898703049E6E}.Debug|Win32.ActiveCfg = Debug|Win32
		{5D1EB10F-3391-43E1-94AD-898703049E6E}.Debug|Win32.Build.0 = Debug|Win32
		{5D1EB10F-3391-43E1-94AD-898703049E6E}.Release|Win32.ActiveCfg = Release|Win32
		{5D1EB10F-3391-43E1-94AD-898703049E6E}.Release|Win32.Build.0 = Release|Win32
	EndGlobalSection
	GlobalSection(SolutionProperties) = preSolution
		HideSolutionNode = FALSE
	EndGlobalSection
EndGlobal
