Microsoft Visual Studio Solution File, Format Version 11.00
# Visual Studio 2010
Project("{8BC9CEB8-8B4A-11D0-8D11-00A0C91BC942}") = "AdminCmd", "AdminCmd\AdminCmd.vcxproj", "{B98379B1-DB80-0D22-34B4-D21D77EC9677}"
EndProject
Project("{8BC9CEB8-8B4A-11D0-8D11-00A0C91BC942}") = "DBSvr", "DBSvr\DBSvr.vcxproj", "{5D6AEC3B-D57D-0C94-A9F5-45E9B59117E3}"
EndProject
Project("{8BC9CEB8-8B4A-11D0-8D11-00A0C91BC942}") = "GameGate", "GameGate\GameGate.vcxproj", "{53B0875F-392D-A970-D7C7-6CD7A01DEA20}"
EndProject
Project("{8BC9CEB8-8B4A-11D0-8D11-00A0C91BC942}") = "GameSvr", "GameSvr\GameSvr.vcxproj", "{2A2A5F0C-5C79-1AFE-15A4-E30C1B433E9D}"
EndProject
Project("{8BC9CEB8-8B4A-11D0-8D11-00A0C91BC942}") = "LoginGate", "LoginGate\LoginGate.vcxproj", "{FA8523BD-25BC-A8D6-5C5C-F4E26987762D}"
EndProject
Project("{8BC9CEB8-8B4A-11D0-8D11-00A0C91BC942}") = "LoginSvr", "LoginSvr\LoginSvr.vcxproj", "{CC4900E2-FB3A-A6F7-41AD-57B818786F23}"
EndProject
Project("{8BC9CEB8-8B4A-11D0-8D11-00A0C91BC942}") = "SelGate", "SelGate\SelGate.vcxproj", "{C5B0E597-2C05-9E5C-3E32-C97058DDF44A}"
EndProject
Project("{8BC9CEB8-8B4A-11D0-8D11-00A0C91BC942}") = "Common", "Common\Common.vcxproj", "{5D1EB10F-3391-43E1-94AD-898703049E6E}"
EndProject
Global
	GlobalSection(SolutionConfigurationPlatforms) = preSolution
		Debug|Win32 = Debug|Win32
		Release|Win32 = Release|Win32
	EndGlobalSection
	GlobalSection(ProjectConfigurationPlatforms) = postSolution
		{B98379B1-DB80-0D22-34B4-D21D77EC9677}.Debug|Win32.ActiveCfg = Debug|Win32
		{B98379B1-DB80-0D22-34B4-D21D77EC9677}.Debug|Win32.Build.0 = Debug|Win32
		{B98379B1-DB80-0D22-34B4-D21D77EC9677}.Release|Win32.ActiveCfg = Release|Win32
		{5D6AEC3B-D57D-0C94-A9F5-45E9B59117E3}.Debug|Win32.ActiveCfg = Debug|Win32
		{5D6AEC3B-D57D-0C94-A9F5-45E9B59117E3}.Debug|Win32.Build.0 = Debug|Win32
		{5D6AEC3B-D57D-0C94-A9F5-45E9B59117E3}.Release|Win32.ActiveCfg = Release|Win32
		{53B0875F-392D-A970-D7C7-6CD7A01DEA20}.Debug|Win32.ActiveCfg = Debug|Win32
		{53B0875F-392D-A970-D7C7-6CD7A01DEA20}.Debug|Win32.Build.0 = Debug|Win32
		{53B0875F-392D-A970-D7C7-6CD7A01DEA20}.Release|Win32.ActiveCfg = Release|Win32
		{2A2A5F0C-5C79-1AFE-15A4-E30C1B433E9D}.Debug|Win32.ActiveCfg = Debug|Win32
		{2A2A5F0C-5C79-1AFE-15A4-E30C1B433E9D}.Debug|Win32.Build.0 = Debug|Win32
		{2A2A5F0C-5C79-1AFE-15A4-E30C1B433E9D}.Release|Win32.ActiveCfg = Release|Win32
		{FA8523BD-25BC-A8D6-5C5C-F4E26987762D}.Debug|Win32.ActiveCfg = Debug|Win32
		{FA8523BD-25BC-A8D6-5C5C-F4E26987762D}.Debug|Win32.Build.0 = Debug|Win32
		{FA8523BD-25BC-A8D6-5C5C-F4E26987762D}.Release|Win32.ActiveCfg = Release|Win32
		{CC4900E2-FB3A-A6F7-41AD-57B818786F23}.Debug|Win32.ActiveCfg = Debug|Win32
		{CC4900E2-FB3A-A6F7-41AD-57B818786F23}.Debug|Win32.Build.0 = Debug|Win32
		{CC4900E2-FB3A-A6F7-41AD-57B818786F23}.Release|Win32.ActiveCfg = Release|Win32
		{C5B0E597-2C05-9E5C-3E32-C97058DDF44A}.Debug|Win32.ActiveCfg = Debug|Win32
		{C5B0E597-2C05-9E5C-3E32-C97058DDF44A}.Debug|Win32.Build.0 = Debug|Win32
		{C5B0E597-2C05-9E5C-3E32-C97058DDF44A}.Release|Win32.ActiveCfg = Release|Win32
		{5D1EB10F-3391-43E1-94AD-898703049E6E}.Debug|Win32.ActiveCfg = Debug|Win32
		{5D1EB10F-3391-43E1-94AD-898703049E6E}.Debug|Win32.Build.0 = Debug|Win32
		{5D1EB10F-3391-43E1-94AD-898703049E6E}.Release|Win32.ActiveCfg = Release|Win32
		{5D1EB10F-3391-43E1-94AD-898703049E6E}.Release|Win32.Build.0 = Release|Win32
	EndGlobalSection
	GlobalSection(SolutionProperties) = preSolution
		HideSolutionNode = FALSE
	EndGlobalSection
EndGlobal
